lockfileVersion: '9.0'

settings:
  autoInstallPeers: true
  excludeLinksFromLockfile: false

importers:

  .:
    devDependencies:
      prettier:
        specifier: ^3.7.4
        version: 3.7.4
      prettier-plugin-jinja-template:
        specifier: ^2.1.0
        version: 2.1.0(prettier@3.7.4)

packages:

  prettier-plugin-jinja-template@2.1.0:
    resolution: {integrity: sha512-mzoCp2Oy9BDSug80fw3B3J4n4KQj1hRvoQOL1akqcDKBb5nvYxrik9zUEDs4AEJ6nK7QDTGoH0y9rx7AlnQ78Q==}
    peerDependencies:
      prettier: ^3.0.0

  prettier@3.7.4:
    resolution: {integrity: sha512-v6UNi1+3hSlVvv8fSaoUbggEM5VErKmmpGA7Pl3HF8V6uKY7rvClBOJlH6yNwQtfTueNkGVpOv/mtWL9L4bgRA==}
    engines: {node: '>=14'}
    hasBin: true

snapshots:

  prettier-plugin-jinja-template@2.1.0(prettier@3.7.4):
    dependencies:
      prettier: 3.7.4

  prettier@3.7.4: {}
